
Microsoft Visual Studio Solution File, Format Version 12.00
# Visual Studio Version 17
VisualStudioVersion = 17.0.31903.59
MinimumVisualStudioVersion = 10.0.40219.1
Project("{E4479DD7-4AF2-439F-BA1E-0C2EDD00A444}") = "VijayAnand.Toolkit.Markup.Net9", "VijayAnand.Toolkit.Markup\VijayAnand.Toolkit.Markup.Net9.csproj", "{A5EA92CB-795F-4D5A-A393-E292A9AA2396}"
EndProject
Global
	GlobalSection(SolutionConfigurationPlatforms) = preSolution
		Debug|Any CPU = Debug|Any CPU
		Release|Any CPU = Release|Any CPU
	EndGlobalSection
	GlobalSection(SolutionProperties) = preSolution
		HideSolutionNode = FALSE
	EndGlobalSection
	GlobalSection(ProjectConfigurationPlatforms) = postSolution
		{A5EA92CB-795F-4D5A-A393-E292A9AA2396}.Debug|Any CPU.ActiveCfg = Debug|Any CPU
		{A5EA92CB-795F-4D5A-A393-E292A9AA2396}.Debug|Any CPU.Build.0 = Debug|Any CPU
		{A5EA92CB-795F-4D5A-A393-E292A9AA2396}.Release|Any CPU.ActiveCfg = Release|Any CPU
		{A5EA92CB-795F-4D5A-A393-E292A9AA2396}.Release|Any CPU.Build.0 = Release|Any CPU
	EndGlobalSection
EndGlobal
