
Microsoft Visual Studio Solution File, Format Version 12.00
# Visual Studio Version 16
VisualStudioVersion = 16.0.30114.105
MinimumVisualStudioVersion = 10.0.40219.1
Project("{FAE04EC0-301F-11D3-BF4B-00C04F79EFBC}") = "MauiBlazor.Markup.Net6", "MauiBlazor.Markup\MauiBlazor.Markup.Net6.csproj", "{3BBF50B3-539B-4EAB-8375-A2D219A51DCE}"
EndProject
Global
	GlobalSection(SolutionConfigurationPlatforms) = preSolution
		Debug|Any CPU = Debug|Any CPU
		Release|Any CPU = Release|Any CPU
	EndGlobalSection
	GlobalSection(SolutionProperties) = preSolution
		HideSolutionNode = FALSE
	EndGlobalSection
	GlobalSection(ProjectConfigurationPlatforms) = postSolution
		{3BBF50B3-539B-4EAB-8375-A2D219A51DCE}.Debug|Any CPU.ActiveCfg = Debug|Any CPU
		{3BBF50B3-539B-4EAB-8375-A2D219A51DCE}.Debug|Any CPU.Build.0 = Debug|Any CPU
		{3BBF50B3-539B-4EAB-8375-A2D219A51DCE}.Release|Any CPU.ActiveCfg = Release|Any CPU
		{3BBF50B3-539B-4EAB-8375-A2D219A51DCE}.Release|Any CPU.Build.0 = Release|Any CPU
	EndGlobalSection
EndGlobal
