
Microsoft Visual Studio Solution File, Format Version 12.00
# Visual Studio Version 17
VisualStudioVersion = 17.0.31903.59
MinimumVisualStudioVersion = 10.0.40219.1
Project("{FAE04EC0-301F-11D3-BF4B-00C04F79EFBC}") = "MauiBlazor.Markup", "MauiBlazor.Markup\MauiBlazor.Markup.Net8.csproj", "{A784AB0A-1B41-4B4F-8576-DA9C012367FE}"
EndProject
Global
	GlobalSection(SolutionConfigurationPlatforms) = preSolution
		Debug|Any CPU = Debug|Any CPU
		Release|Any CPU = Release|Any CPU
	EndGlobalSection
	GlobalSection(SolutionProperties) = preSolution
		HideSolutionNode = FALSE
	EndGlobalSection
	GlobalSection(ProjectConfigurationPlatforms) = postSolution
		{A784AB0A-1B41-4B4F-8576-DA9C012367FE}.Debug|Any CPU.ActiveCfg = Debug|Any CPU
		{A784AB0A-1B41-4B4F-8576-DA9C012367FE}.Debug|Any CPU.Build.0 = Debug|Any CPU
		{A784AB0A-1B41-4B4F-8576-DA9C012367FE}.Release|Any CPU.ActiveCfg = Release|Any CPU
		{A784AB0A-1B41-4B4F-8576-DA9C012367FE}.Release|Any CPU.Build.0 = Release|Any CPU
	EndGlobalSection
EndGlobal
