
Microsoft Visual Studio Solution File, Format Version 12.00
# Visual Studio Version 16
VisualStudioVersion = 16.0.30114.105
MinimumVisualStudioVersion = 10.0.40219.1
Project("{A64FC0F4-D351-4E0D-8A68-25EE4AC42AA8}") = "VijayAnand.MauiToolkit", "VijayAnand.MauiToolkit\VijayAnand.MauiToolkit.Net6.csproj", "{B9EE985B-8475-405B-97C8-4146FD1105A7}"
EndProject
Project("{A64FC0F4-D351-4E0D-8A68-25EE4AC42AA8}") = "VijayAnand.MauiToolkit.Core", "VijayAnand.MauiToolkit.Core\VijayAnand.MauiToolkit.Core.Net6.csproj", "{BECDDE19-4B87-40AC-925C-6F8D636D6A6E}"
EndProject
Project("{FAE04EC0-301F-11D3-BF4B-00C04F79EFBC}") = "VijayAnand.MauiToolkit.Pro", "VijayAnand.MauiToolkit.Pro\VijayAnand.MauiToolkit.Pro.Net6.csproj", "{7433886C-DA77-41B0-A7E3-7AFF86D5CD02}"
EndProject
Global
	GlobalSection(SolutionConfigurationPlatforms) = preSolution
		Debug|Any CPU = Debug|Any CPU
		Release|Any CPU = Release|Any CPU
	EndGlobalSection
	GlobalSection(SolutionProperties) = preSolution
		HideSolutionNode = FALSE
	EndGlobalSection
	GlobalSection(ProjectConfigurationPlatforms) = postSolution
		{B9EE985B-8475-405B-97C8-4146FD1105A7}.Debug|Any CPU.ActiveCfg = Debug|Any CPU
		{B9EE985B-8475-405B-97C8-4146FD1105A7}.Debug|Any CPU.Build.0 = Debug|Any CPU
		{B9EE985B-8475-405B-97C8-4146FD1105A7}.Release|Any CPU.ActiveCfg = Release|Any CPU
		{B9EE985B-8475-405B-97C8-4146FD1105A7}.Release|Any CPU.Build.0 = Release|Any CPU
		{BECDDE19-4B87-40AC-925C-6F8D636D6A6E}.Debug|Any CPU.ActiveCfg = Debug|Any CPU
		{BECDDE19-4B87-40AC-925C-6F8D636D6A6E}.Debug|Any CPU.Build.0 = Debug|Any CPU
		{BECDDE19-4B87-40AC-925C-6F8D636D6A6E}.Release|Any CPU.ActiveCfg = Release|Any CPU
		{BECDDE19-4B87-40AC-925C-6F8D636D6A6E}.Release|Any CPU.Build.0 = Release|Any CPU
		{7433886C-DA77-41B0-A7E3-7AFF86D5CD02}.Debug|Any CPU.ActiveCfg = Debug|Any CPU
		{7433886C-DA77-41B0-A7E3-7AFF86D5CD02}.Debug|Any CPU.Build.0 = Debug|Any CPU
		{7433886C-DA77-41B0-A7E3-7AFF86D5CD02}.Release|Any CPU.ActiveCfg = Release|Any CPU
		{7433886C-DA77-41B0-A7E3-7AFF86D5CD02}.Release|Any CPU.Build.0 = Release|Any CPU
	EndGlobalSection
EndGlobal
