
Microsoft Visual Studio Solution File, Format Version 12.00
# Visual Studio Version 17
VisualStudioVersion = 17.0.31903.59
MinimumVisualStudioVersion = 10.0.40219.1
Project("{FAE04EC0-301F-11D3-BF4B-00C04F79EFBC}") = "VijayAnand.MauiToolkit.Core.Net8", "VijayAnand.MauiToolkit.Core\VijayAnand.MauiToolkit.Core.Net8.csproj", "{591FD1AE-F93E-4068-B722-24D2AD1F3E2A}"
EndProject
Project("{FAE04EC0-301F-11D3-BF4B-00C04F79EFBC}") = "VijayAnand.MauiToolkit.Net8", "VijayAnand.MauiToolkit\VijayAnand.MauiToolkit.Net8.csproj", "{688828B7-B1D3-4A2F-B27E-A27938144432}"
EndProject
Project("{FAE04EC0-301F-11D3-BF4B-00C04F79EFBC}") = "VijayAnand.MauiToolkit.Pro.Net8", "VijayAnand.MauiToolkit.Pro\VijayAnand.MauiToolkit.Pro.Net8.csproj", "{318CA591-A8F8-404E-8758-19832AE6CBA0}"
EndProject
Global
	GlobalSection(SolutionConfigurationPlatforms) = preSolution
		Debug|Any CPU = Debug|Any CPU
		Release|Any CPU = Release|Any CPU
	EndGlobalSection
	GlobalSection(SolutionProperties) = preSolution
		HideSolutionNode = FALSE
	EndGlobalSection
	GlobalSection(ProjectConfigurationPlatforms) = postSolution
		{591FD1AE-F93E-4068-B722-24D2AD1F3E2A}.Debug|Any CPU.ActiveCfg = Debug|Any CPU
		{591FD1AE-F93E-4068-B722-24D2AD1F3E2A}.Debug|Any CPU.Build.0 = Debug|Any CPU
		{591FD1AE-F93E-4068-B722-24D2AD1F3E2A}.Release|Any CPU.ActiveCfg = Release|Any CPU
		{591FD1AE-F93E-4068-B722-24D2AD1F3E2A}.Release|Any CPU.Build.0 = Release|Any CPU
		{688828B7-B1D3-4A2F-B27E-A27938144432}.Debug|Any CPU.ActiveCfg = Debug|Any CPU
		{688828B7-B1D3-4A2F-B27E-A27938144432}.Debug|Any CPU.Build.0 = Debug|Any CPU
		{688828B7-B1D3-4A2F-B27E-A27938144432}.Release|Any CPU.ActiveCfg = Release|Any CPU
		{688828B7-B1D3-4A2F-B27E-A27938144432}.Release|Any CPU.Build.0 = Release|Any CPU
		{318CA591-A8F8-404E-8758-19832AE6CBA0}.Debug|Any CPU.ActiveCfg = Debug|Any CPU
		{318CA591-A8F8-404E-8758-19832AE6CBA0}.Debug|Any CPU.Build.0 = Debug|Any CPU
		{318CA591-A8F8-404E-8758-19832AE6CBA0}.Release|Any CPU.ActiveCfg = Release|Any CPU
		{318CA591-A8F8-404E-8758-19832AE6CBA0}.Release|Any CPU.Build.0 = Release|Any CPU
	EndGlobalSection
EndGlobal
