<Solution>
  <Folder Name="/Solution Items/">
    <File Path="Directory.Packages.props" />
  </Folder>
  <Project Path="VijayAnand.MauiToolkit.Core/VijayAnand.MauiToolkit.Core.Net9.csproj" />
  <Project Path="VijayAnand.MauiToolkit/VijayAnand.MauiToolkit.Net9.csproj" />
  <Project Path="VijayAnand.MauiToolkit.Pro/VijayAnand.MauiToolkit.Pro.Net9.csproj" />
</Solution>
